{
  "name": "xinchenyun",
  "version": "1.0.0",
  "lockfileVersion": 1,
  "requires": true,
  "dependencies": {
    "moment-js": {
      "version": "1.1.15",
      "resolved": "https://registry.npmjs.org/moment-js/-/moment-js-1.1.15.tgz",
      "integrity": "sha1-KNp5vjvyvEo9/9K4Nowo6GPKqdU="
    },
    "pubsub-js": {
      "version": "1.9.3",
      "resolved": "https://registry.npmjs.org/pubsub-js/-/pubsub-js-1.9.3.tgz",
      "integrity": "sha512-FhYYlPNOywTh7zN38u5AlG67emA47w6JZd7YgdQU1w8gQbZhhIGxVM0AQosdaINHb2ALb+fhfnVyBJAt4D4IzA=="
    }
  }
}
